// !$*UTF8*$!
{
	archiveVersion = 1;
	classes = {
	};
	objectVersion = 48;
	objects = {

/* Begin PBXBuildFile section */
		40606B672097CAAF003250E2 /* CustomItemCell.swift in Sources */ = {isa = PBXBuildFile; fileRef = 40606B652097CAAF003250E2 /* CustomItemCell.swift */; };
		40606B682097CAAF003250E2 /* CustomItemCell.xib in Resources */ = {isa = PBXBuildFile; fileRef = 40606B662097CAAF003250E2 /* CustomItemCell.xib */; };
		40606B90209A4FC6003250E2 /* DataModel.xcdatamodeld in Sources */ = {isa = PBXBuildFile; fileRef = 40606B8E209A4FC5003250E2 /* DataModel.xcdatamodeld */; };
		40606B9420A6362F003250E2 /* CategoryViewController.swift in Sources */ = {isa = PBXBuildFile; fileRef = 40606B9320A6362F003250E2 /* CategoryViewController.swift */; };
		40C4957D20938EDF00D78B88 /* AppDelegate.swift in Sources */ = {isa = PBXBuildFile; fileRef = 40C4957C20938EDF00D78B88 /* AppDelegate.swift */; };
		40C4957F20938EDF00D78B88 /* ToDoListViewController.swift in Sources */ = {isa = PBXBuildFile; fileRef = 40C4957E20938EDF00D78B88 /* ToDoListViewController.swift */; };
		40C4958220938EDF00D78B88 /* Main.storyboard in Resources */ = {isa = PBXBuildFile; fileRef = 40C4958020938EDF00D78B88 /* Main.storyboard */; };
		40C4958420938EDF00D78B88 /* Assets.xcassets in Resources */ = {isa = PBXBuildFile; fileRef = 40C4958320938EDF00D78B88 /* Assets.xcassets */; };
		40C4958720938EDF00D78B88 /* LaunchScreen.storyboard in Resources */ = {isa = PBXBuildFile; fileRef = 40C4958520938EDF00D78B88 /* LaunchScreen.storyboard */; };
		40C4958F20960A0B00D78B88 /* Item_old.swift in Sources */ = {isa = PBXBuildFile; fileRef = 40C4958E20960A0B00D78B88 /* Item_old.swift */; };
		546DF8EB1EAFDED52EC9BCF1 /* Pods_Todoey.framework in Frameworks */ = {isa = PBXBuildFile; fileRef = 0F14C08D5002338826D0657F /* Pods_Todoey.framework */; };
/* End PBXBuildFile section */

/* Begin PBXFileReference section */
		07842B5811C039368A13ED94 /* Pods-Todoey.release.xcconfig */ = {isa = PBXFileReference; includeInIndex = 1; lastKnownFileType = text.xcconfig; name = "Pods-Todoey.release.xcconfig"; path = "Pods/Target Support Files/Pods-Todoey/Pods-Todoey.release.xcconfig"; sourceTree = "<group>"; };
		0F14C08D5002338826D0657F /* Pods_Todoey.framework */ = {isa = PBXFileReference; explicitFileType = wrapper.framework; includeInIndex = 0; path = Pods_Todoey.framework; sourceTree = BUILT_PRODUCTS_DIR; };
		40606B652097CAAF003250E2 /* CustomItemCell.swift */ = {isa = PBXFileReference; lastKnownFileType = sourcecode.swift; name = CustomItemCell.swift; path = Todoey/Views/CustomItemCell/CustomItemCell.swift; sourceTree = SOURCE_ROOT; };
		40606B662097CAAF003250E2 /* CustomItemCell.xib */ = {isa = PBXFileReference; lastKnownFileType = file.xib; name = CustomItemCell.xib; path = Todoey/Views/CustomItemCell/CustomItemCell.xib; sourceTree = SOURCE_ROOT; };
		40606B8F209A4FC5003250E2 /* DataModel.xcdatamodel */ = {isa = PBXFileReference; lastKnownFileType = wrapper.xcdatamodel; path = DataModel.xcdatamodel; sourceTree = "<group>"; };
		40606B9320A6362F003250E2 /* CategoryViewController.swift */ = {isa = PBXFileReference; lastKnownFileType = sourcecode.swift; path = CategoryViewController.swift; sourceTree = "<group>"; };
		40C4957920938EDF00D78B88 /* Todoey.app */ = {isa = PBXFileReference; explicitFileType = wrapper.application; includeInIndex = 0; path = Todoey.app; sourceTree = BUILT_PRODUCTS_DIR; };
		40C4957C20938EDF00D78B88 /* AppDelegate.swift */ = {isa = PBXFileReference; lastKnownFileType = sourcecode.swift; path = AppDelegate.swift; sourceTree = "<group>"; };
		40C4957E20938EDF00D78B88 /* ToDoListViewController.swift */ = {isa = PBXFileReference; lastKnownFileType = sourcecode.swift; path = ToDoListViewController.swift; sourceTree = "<group>"; };
		40C4958120938EDF00D78B88 /* Base */ = {isa = PBXFileReference; lastKnownFileType = file.storyboard; name = Base; path = Base.lproj/Main.storyboard; sourceTree = "<group>"; };
		40C4958320938EDF00D78B88 /* Assets.xcassets */ = {isa = PBXFileReference; lastKnownFileType = folder.assetcatalog; path = Assets.xcassets; sourceTree = "<group>"; };
		40C4958620938EDF00D78B88 /* Base */ = {isa = PBXFileReference; lastKnownFileType = file.storyboard; name = Base; path = Base.lproj/LaunchScreen.storyboard; sourceTree = "<group>"; };
		40C4958820938EDF00D78B88 /* Info.plist */ = {isa = PBXFileReference; lastKnownFileType = text.plist.xml; path = Info.plist; sourceTree = "<group>"; };
		40C4958E20960A0B00D78B88 /* Item_old.swift */ = {isa = PBXFileReference; lastKnownFileType = sourcecode.swift; path = Item_old.swift; sourceTree = "<group>"; };
		FF966CC5C77237BC96AC943D /* Pods-Todoey.debug.xcconfig */ = {isa = PBXFileReference; includeInIndex = 1; lastKnownFileType = text.xcconfig; name = "Pods-Todoey.debug.xcconfig"; path = "Pods/Target Support Files/Pods-Todoey/Pods-Todoey.debug.xcconfig"; sourceTree = "<group>"; };
/* End PBXFileReference section */

/* Begin PBXFrameworksBuildPhase section */
		40C4957620938EDF00D78B88 /* Frameworks */ = {
			isa = PBXFrameworksBuildPhase;
			buildActionMask = 2147483647;
			files = (
				546DF8EB1EAFDED52EC9BCF1 /* Pods_Todoey.framework in Frameworks */,
			);
			runOnlyForDeploymentPostprocessing = 0;
		};
/* End PBXFrameworksBuildPhase section */

/* Begin PBXGroup section */
		40606B692097CACC003250E2 /* CustomItemCell */ = {
			isa = PBXGroup;
			children = (
				40606B652097CAAF003250E2 /* CustomItemCell.swift */,
				40606B662097CAAF003250E2 /* CustomItemCell.xib */,
			);
			path = CustomItemCell;
			sourceTree = "<group>";
		};
		40C4957020938EDE00D78B88 = {
			isa = PBXGroup;
			children = (
				40C4957B20938EDF00D78B88 /* Todoey */,
				40C4957A20938EDF00D78B88 /* Products */,
				EF204370C9DEB1E17B9BC0A6 /* Pods */,
				5111E77E2512E5E2B4CA9FE9 /* Frameworks */,
			);
			sourceTree = "<group>";
		};
		40C4957A20938EDF00D78B88 /* Products */ = {
			isa = PBXGroup;
			children = (
				40C4957920938EDF00D78B88 /* Todoey.app */,
			);
			name = Products;
			sourceTree = "<group>";
		};
		40C4957B20938EDF00D78B88 /* Todoey */ = {
			isa = PBXGroup;
			children = (
				40C4957C20938EDF00D78B88 /* AppDelegate.swift */,
				40C495912096156000D78B88 /* Controllers */,
				40C495902096154600D78B88 /* Data Model */,
				40C495922096157D00D78B88 /* Views */,
				40C495932096159800D78B88 /* Supporting files */,
				40C4958820938EDF00D78B88 /* Info.plist */,
			);
			path = Todoey;
			sourceTree = "<group>";
		};
		40C495902096154600D78B88 /* Data Model */ = {
			isa = PBXGroup;
			children = (
				40606B8E209A4FC5003250E2 /* DataModel.xcdatamodeld */,
				40C4958E20960A0B00D78B88 /* Item_old.swift */,
			);
			path = "Data Model";
			sourceTree = "<group>";
		};
		40C495912096156000D78B88 /* Controllers */ = {
			isa = PBXGroup;
			children = (
				40606B9320A6362F003250E2 /* CategoryViewController.swift */,
				40C4957E20938EDF00D78B88 /* ToDoListViewController.swift */,
			);
			path = Controllers;
			sourceTree = "<group>";
		};
		40C495922096157D00D78B88 /* Views */ = {
			isa = PBXGroup;
			children = (
				40606B692097CACC003250E2 /* CustomItemCell */,
				40C4958020938EDF00D78B88 /* Main.storyboard */,
			);
			path = Views;
			sourceTree = "<group>";
		};
		40C495932096159800D78B88 /* Supporting files */ = {
			isa = PBXGroup;
			children = (
				40C4958320938EDF00D78B88 /* Assets.xcassets */,
				40C4958520938EDF00D78B88 /* LaunchScreen.storyboard */,
			);
			path = "Supporting files";
			sourceTree = "<group>";
		};
		5111E77E2512E5E2B4CA9FE9 /* Frameworks */ = {
			isa = PBXGroup;
			children = (
				0F14C08D5002338826D0657F /* Pods_Todoey.framework */,
			);
			name = Frameworks;
			sourceTree = "<group>";
		};
		EF204370C9DEB1E17B9BC0A6 /* Pods */ = {
			isa = PBXGroup;
			children = (
				FF966CC5C77237BC96AC943D /* Pods-Todoey.debug.xcconfig */,
				07842B5811C039368A13ED94 /* Pods-Todoey.release.xcconfig */,
			);
			name = Pods;
			sourceTree = "<group>";
		};
/* End PBXGroup section */

/* Begin PBXNativeTarget section */
		40C4957820938EDF00D78B88 /* Todoey */ = {
			isa = PBXNativeTarget;
			buildConfigurationList = 40C4958B20938EDF00D78B88 /* Build configuration list for PBXNativeTarget "Todoey" */;
			buildPhases = (
				DEC93F1D46AA5889A021B53D /* [CP] Check Pods Manifest.lock */,
				40C4957520938EDF00D78B88 /* Sources */,
				40C4957620938EDF00D78B88 /* Frameworks */,
				40C4957720938EDF00D78B88 /* Resources */,
				FB5A2921F01E9F07DFABD9B0 /* [CP] Embed Pods Frameworks */,
				A1DF9020AD2AC76F16F79B5D /* [CP] Copy Pods Resources */,
			);
			buildRules = (
			);
			dependencies = (
			);
			name = Todoey;
			productName = Todoey;
			productReference = 40C4957920938EDF00D78B88 /* Todoey.app */;
			productType = "com.apple.product-type.application";
		};
/* End PBXNativeTarget section */

/* Begin PBXProject section */
		40C4957120938EDF00D78B88 /* Project object */ = {
			isa = PBXProject;
			attributes = {
				LastSwiftUpdateCheck = 0920;
				LastUpgradeCheck = 0920;
				ORGANIZATIONNAME = buikaKRU;
				TargetAttributes = {
					40C4957820938EDF00D78B88 = {
						CreatedOnToolsVersion = 9.2;
						ProvisioningStyle = Automatic;
					};
				};
			};
			buildConfigurationList = 40C4957420938EDF00D78B88 /* Build configuration list for PBXProject "Todoey" */;
			compatibilityVersion = "Xcode 8.0";
			developmentRegion = en;
			hasScannedForEncodings = 0;
			knownRegions = (
				en,
				Base,
			);
			mainGroup = 40C4957020938EDE00D78B88;
			productRefGroup = 40C4957A20938EDF00D78B88 /* Products */;
			projectDirPath = "";
			projectRoot = "";
			targets = (
				40C4957820938EDF00D78B88 /* Todoey */,
			);
		};
/* End PBXProject section */

/* Begin PBXResourcesBuildPhase section */
		40C4957720938EDF00D78B88 /* Resources */ = {
			isa = PBXResourcesBuildPhase;
			buildActionMask = 2147483647;
			files = (
				40C4958720938EDF00D78B88 /* LaunchScreen.storyboard in Resources */,
				40606B682097CAAF003250E2 /* CustomItemCell.xib in Resources */,
				40C4958420938EDF00D78B88 /* Assets.xcassets in Resources */,
				40C4958220938EDF00D78B88 /* Main.storyboard in Resources */,
			);
			runOnlyForDeploymentPostprocessing = 0;
		};
/* End PBXResourcesBuildPhase section */

/* Begin PBXShellScriptBuildPhase section */
		A1DF9020AD2AC76F16F79B5D /* [CP] Copy Pods Resources */ = {
			isa = PBXShellScriptBuildPhase;
			buildActionMask = 2147483647;
			files = (
			);
			inputPaths = (
			);
			name = "[CP] Copy Pods Resources";
			outputPaths = (
			);
			runOnlyForDeploymentPostprocessing = 0;
			shellPath = /bin/sh;
			shellScript = "\"${SRCROOT}/Pods/Target Support Files/Pods-Todoey/Pods-Todoey-resources.sh\"\n";
			showEnvVarsInLog = 0;
		};
		DEC93F1D46AA5889A021B53D /* [CP] Check Pods Manifest.lock */ = {
			isa = PBXShellScriptBuildPhase;
			buildActionMask = 2147483647;
			files = (
			);
			inputPaths = (
				"${PODS_PODFILE_DIR_PATH}/Podfile.lock",
				"${PODS_ROOT}/Manifest.lock",
			);
			name = "[CP] Check Pods Manifest.lock";
			outputPaths = (
				"$(DERIVED_FILE_DIR)/Pods-Todoey-checkManifestLockResult.txt",
			);
			runOnlyForDeploymentPostprocessing = 0;
			shellPath = /bin/sh;
			shellScript = "diff \"${PODS_PODFILE_DIR_PATH}/Podfile.lock\" \"${PODS_ROOT}/Manifest.lock\" > /dev/null\nif [ $? != 0 ] ; then\n    # print error to STDERR\n    echo \"error: The sandbox is not in sync with the Podfile.lock. Run 'pod install' or update your CocoaPods installation.\" >&2\n    exit 1\nfi\n# This output is used by Xcode 'outputs' to avoid re-running this script phase.\necho \"SUCCESS\" > \"${SCRIPT_OUTPUT_FILE_0}\"\n";
			showEnvVarsInLog = 0;
		};
		FB5A2921F01E9F07DFABD9B0 /* [CP] Embed Pods Frameworks */ = {
			isa = PBXShellScriptBuildPhase;
			buildActionMask = 2147483647;
			files = (
			);
			inputPaths = (
				"${SRCROOT}/Pods/Target Support Files/Pods-Todoey/Pods-Todoey-frameworks.sh",
				"${BUILT_PRODUCTS_DIR}/Realm/Realm.framework",
				"${BUILT_PRODUCTS_DIR}/RealmSwift/RealmSwift.framework",
			);
			name = "[CP] Embed Pods Frameworks";
			outputPaths = (
				"${TARGET_BUILD_DIR}/${FRAMEWORKS_FOLDER_PATH}/Realm.framework",
				"${TARGET_BUILD_DIR}/${FRAMEWORKS_FOLDER_PATH}/RealmSwift.framework",
			);
			runOnlyForDeploymentPostprocessing = 0;
			shellPath = /bin/sh;
			shellScript = "\"${SRCROOT}/Pods/Target Support Files/Pods-Todoey/Pods-Todoey-frameworks.sh\"\n";
			showEnvVarsInLog = 0;
		};
/* End PBXShellScriptBuildPhase section */

/* Begin PBXSourcesBuildPhase section */
		40C4957520938EDF00D78B88 /* Sources */ = {
			isa = PBXSourcesBuildPhase;
			buildActionMask = 2147483647;
			files = (
				40C4957F20938EDF00D78B88 /* ToDoListViewController.swift in Sources */,
				40606B90209A4FC6003250E2 /* DataModel.xcdatamodeld in Sources */,
				40606B672097CAAF003250E2 /* CustomItemCell.swift in Sources */,
				40C4958F20960A0B00D78B88 /* Item_old.swift in Sources */,
				40606B9420A6362F003250E2 /* CategoryViewController.swift in Sources */,
				40C4957D20938EDF00D78B88 /* AppDelegate.swift in Sources */,
			);
			runOnlyForDeploymentPostprocessing = 0;
		};
/* End PBXSourcesBuildPhase section */

/* Begin PBXVariantGroup section */
		40C4958020938EDF00D78B88 /* Main.storyboard */ = {
			isa = PBXVariantGroup;
			children = (
				40C4958120938EDF00D78B88 /* Base */,
			);
			name = Main.storyboard;
			sourceTree = "<group>";
		};
		40C4958520938EDF00D78B88 /* LaunchScreen.storyboard */ = {
			isa = PBXVariantGroup;
			children = (
				40C4958620938EDF00D78B88 /* Base */,
			);
			name = LaunchScreen.storyboard;
			sourceTree = "<group>";
		};
/* End PBXVariantGroup section */

/* Begin XCBuildConfiguration section */
		40C4958920938EDF00D78B88 /* Debug */ = {
			isa = XCBuildConfiguration;
			buildSettings = {
				ALWAYS_SEARCH_USER_PATHS = NO;
				CLANG_ANALYZER_NONNULL = YES;
				CLANG_ANALYZER_NUMBER_OBJECT_CONVERSION = YES_AGGRESSIVE;
				CLANG_CXX_LANGUAGE_STANDARD = "gnu++14";
				CLANG_CXX_LIBRARY = "libc++";
				CLANG_ENABLE_MODULES = YES;
				CLANG_ENABLE_OBJC_ARC = YES;
				CLANG_WARN_BLOCK_CAPTURE_AUTORELEASING = YES;
				CLANG_WARN_BOOL_CONVERSION = YES;
				CLANG_WARN_COMMA = YES;
				CLANG_WARN_CONSTANT_CONVERSION = YES;
				CLANG_WARN_DIRECT_OBJC_ISA_USAGE = YES_ERROR;
				CLANG_WARN_DOCUMENTATION_COMMENTS = YES;
				CLANG_WARN_EMPTY_BODY = YES;
				CLANG_WARN_ENUM_CONVERSION = YES;
				CLANG_WARN_INFINITE_RECURSION = YES;
				CLANG_WARN_INT_CONVERSION = YES;
				CLANG_WARN_NON_LITERAL_NULL_CONVERSION = YES;
				CLANG_WARN_OBJC_LITERAL_CONVERSION = YES;
				CLANG_WARN_OBJC_ROOT_CLASS = YES_ERROR;
				CLANG_WARN_RANGE_LOOP_ANALYSIS = YES;
				CLANG_WARN_STRICT_PROTOTYPES = YES;
				CLANG_WARN_SUSPICIOUS_MOVE = YES;
				CLANG_WARN_UNGUARDED_AVAILABILITY = YES_AGGRESSIVE;
				CLANG_WARN_UNREACHABLE_CODE = YES;
				CLANG_WARN__DUPLICATE_METHOD_MATCH = YES;
				CODE_SIGN_IDENTITY = "iPhone Developer";
				COPY_PHASE_STRIP = NO;
				DEBUG_INFORMATION_FORMAT = dwarf;
				ENABLE_STRICT_OBJC_MSGSEND = YES;
				ENABLE_TESTABILITY = YES;
				GCC_C_LANGUAGE_STANDARD = gnu11;
				GCC_DYNAMIC_NO_PIC = NO;
				GCC_NO_COMMON_BLOCKS = YES;
				GCC_OPTIMIZATION_LEVEL = 0;
				GCC_PREPROCESSOR_DEFINITIONS = (
					"DEBUG=1",
					"$(inherited)",
				);
				GCC_WARN_64_TO_32_BIT_CONVERSION = YES;
				GCC_WARN_ABOUT_RETURN_TYPE = YES_ERROR;
				GCC_WARN_UNDECLARED_SELECTOR = YES;
				GCC_WARN_UNINITIALIZED_AUTOS = YES_AGGRESSIVE;
				GCC_WARN_UNUSED_FUNCTION = YES;
				GCC_WARN_UNUSED_VARIABLE = YES;
				IPHONEOS_DEPLOYMENT_TARGET = 11.2;
				MTL_ENABLE_DEBUG_INFO = YES;
				ONLY_ACTIVE_ARCH = YES;
				SDKROOT = iphoneos;
				SWIFT_ACTIVE_COMPILATION_CONDITIONS = DEBUG;
				SWIFT_OPTIMIZATION_LEVEL = "-Onone";
			};
			name = Debug;
		};
		40C4958A20938EDF00D78B88 /* Release */ = {
			isa = XCBuildConfiguration;
			buildSettings = {
				ALWAYS_SEARCH_USER_PATHS = NO;
				CLANG_ANALYZER_NONNULL = YES;
				CLANG_ANALYZER_NUMBER_OBJECT_CONVERSION = YES_AGGRESSIVE;
				CLANG_CXX_LANGUAGE_STANDARD = "gnu++14";
				CLANG_CXX_LIBRARY = "libc++";
				CLANG_ENABLE_MODULES = YES;
				CLANG_ENABLE_OBJC_ARC = YES;
				CLANG_WARN_BLOCK_CAPTURE_AUTORELEASING = YES;
				CLANG_WARN_BOOL_CONVERSION = YES;
				CLANG_WARN_COMMA = YES;
				CLANG_WARN_CONSTANT_CONVERSION = YES;
				CLANG_WARN_DIRECT_OBJC_ISA_USAGE = YES_ERROR;
				CLANG_WARN_DOCUMENTATION_COMMENTS = YES;
				CLANG_WARN_EMPTY_BODY = YES;
				CLANG_WARN_ENUM_CONVERSION = YES;
				CLANG_WARN_INFINITE_RECURSION = YES;
				CLANG_WARN_INT_CONVERSION = YES;
				CLANG_WARN_NON_LITERAL_NULL_CONVERSION = YES;
				CLANG_WARN_OBJC_LITERAL_CONVERSION = YES;
				CLANG_WARN_OBJC_ROOT_CLASS = YES_ERROR;
				CLANG_WARN_RANGE_LOOP_ANALYSIS = YES;
				CLANG_WARN_STRICT_PROTOTYPES = YES;
				CLANG_WARN_SUSPICIOUS_MOVE = YES;
				CLANG_WARN_UNGUARDED_AVAILABILITY = YES_AGGRESSIVE;
				CLANG_WARN_UNREACHABLE_CODE = YES;
				CLANG_WARN__DUPLICATE_METHOD_MATCH = YES;
				CODE_SIGN_IDENTITY = "iPhone Developer";
				COPY_PHASE_STRIP = NO;
				DEBUG_INFORMATION_FORMAT = "dwarf-with-dsym";
				ENABLE_NS_ASSERTIONS = NO;
				ENABLE_STRICT_OBJC_MSGSEND = YES;
				GCC_C_LANGUAGE_STANDARD = gnu11;
				GCC_NO_COMMON_BLOCKS = YES;
				GCC_WARN_64_TO_32_BIT_CONVERSION = YES;
				GCC_WARN_ABOUT_RETURN_TYPE = YES_ERROR;
				GCC_WARN_UNDECLARED_SELECTOR = YES;
				GCC_WARN_UNINITIALIZED_AUTOS = YES_AGGRESSIVE;
				GCC_WARN_UNUSED_FUNCTION = YES;
				GCC_WARN_UNUSED_VARIABLE = YES;
				IPHONEOS_DEPLOYMENT_TARGET = 11.2;
				MTL_ENABLE_DEBUG_INFO = NO;
				SDKROOT = iphoneos;
				SWIFT_OPTIMIZATION_LEVEL = "-Owholemodule";
				VALIDATE_PRODUCT = YES;
			};
			name = Release;
		};
		40C4958C20938EDF00D78B88 /* Debug */ = {
			isa = XCBuildConfiguration;
			baseConfigurationReference = FF966CC5C77237BC96AC943D /* Pods-Todoey.debug.xcconfig */;
			buildSettings = {
				ASSETCATALOG_COMPILER_APPICON_NAME = AppIcon;
				CODE_SIGN_STYLE = Automatic;
				DEVELOPMENT_TEAM = M6Q9NJYAGT;
				INFOPLIST_FILE = Todoey/Info.plist;
				LD_RUNPATH_SEARCH_PATHS = "$(inherited) @executable_path/Frameworks";
				PRODUCT_BUNDLE_IDENTIFIER = com.buikaKRU.Todoey;
				PRODUCT_NAME = "$(TARGET_NAME)";
				SWIFT_VERSION = 4.0;
				TARGETED_DEVICE_FAMILY = "1,2";
			};
			name = Debug;
		};
		40C4958D20938EDF00D78B88 /* Release */ = {
			isa = XCBuildConfiguration;
			baseConfigurationReference = 07842B5811C039368A13ED94 /* Pods-Todoey.release.xcconfig */;
			buildSettings = {
				ASSETCATALOG_COMPILER_APPICON_NAME = AppIcon;
				CODE_SIGN_STYLE = Automatic;
				DEVELOPMENT_TEAM = M6Q9NJYAGT;
				INFOPLIST_FILE = Todoey/Info.plist;
				LD_RUNPATH_SEARCH_PATHS = "$(inherited) @executable_path/Frameworks";
				PRODUCT_BUNDLE_IDENTIFIER = com.buikaKRU.Todoey;
				PRODUCT_NAME = "$(TARGET_NAME)";
				SWIFT_VERSION = 4.0;
				TARGETED_DEVICE_FAMILY = "1,2";
			};
			name = Release;
		};
/* End XCBuildConfiguration section */

/* Begin XCConfigurationList section */
		40C4957420938EDF00D78B88 /* Build configuration list for PBXProject "Todoey" */ = {
			isa = XCConfigurationList;
			buildConfigurations = (
				40C4958920938EDF00D78B88 /* Debug */,
				40C4958A20938EDF00D78B88 /* Release */,
			);
			defaultConfigurationIsVisible = 0;
			defaultConfigurationName = Release;
		};
		40C4958B20938EDF00D78B88 /* Build configuration list for PBXNativeTarget "Todoey" */ = {
			isa = XCConfigurationList;
			buildConfigurations = (
				40C4958C20938EDF00D78B88 /* Debug */,
				40C4958D20938EDF00D78B88 /* Release */,
			);
			defaultConfigurationIsVisible = 0;
			defaultConfigurationName = Release;
		};
/* End XCConfigurationList section */

/* Begin XCVersionGroup section */
		40606B8E209A4FC5003250E2 /* DataModel.xcdatamodeld */ = {
			isa = XCVersionGroup;
			children = (
				40606B8F209A4FC5003250E2 /* DataModel.xcdatamodel */,
			);
			currentVersion = 40606B8F209A4FC5003250E2 /* DataModel.xcdatamodel */;
			path = DataModel.xcdatamodeld;
			sourceTree = "<group>";
			versionGroupType = wrapper.xcdatamodel;
		};
/* End XCVersionGroup section */
	};
	rootObject = 40C4957120938EDF00D78B88 /* Project object */;
}
